
Microsoft Visual Studio Solution File, Format Version 12.00
# Visual Studio Version 16
VisualStudioVersion = 16.0.29411.108
MinimumVisualStudioVersion = 10.0.40219.1
Project("{FAE04EC0-301F-11D3-BF4B-00C04F79EFBC}") = "Dictionary 2", "Dictionary 2\Dictionary 2.csproj", "{80AFDF3F-33C2-4026-95ED-58949272305A}"
EndProject
Global
	GlobalSection(SolutionConfigurationPlatforms) = preSolution
		Debug|Any CPU = Debug|Any CPU
		Release|Any CPU = Release|Any CPU
	EndGlobalSection
	GlobalSection(ProjectConfigurationPlatforms) = postSolution
		{80AFDF3F-33C2-4026-95ED-58949272305A}.Debug|Any CPU.ActiveCfg = Debug|Any CPU
		{80AFDF3F-33C2-4026-95ED-58949272305A}.Debug|Any CPU.Build.0 = Debug|Any CPU
		{80AFDF3F-33C2-4026-95ED-58949272305A}.Release|Any CPU.ActiveCfg = Release|Any CPU
		{80AFDF3F-33C2-4026-95ED-58949272305A}.Release|Any CPU.Build.0 = Release|Any CPU
	EndGlobalSection
	GlobalSection(SolutionProperties) = preSolution
		HideSolutionNode = FALSE
	EndGlobalSection
	GlobalSection(ExtensibilityGlobals) = postSolution
		SolutionGuid = {A0E90273-4FD1-41F6-87CA-A1635F6FFE1F}
	EndGlobalSection
EndGlobal
