
Microsoft Visual Studio Solution File, Format Version 12.00
# Visual Studio Version 16
VisualStudioVersion = 16.0.29411.108
MinimumVisualStudioVersion = 10.0.40219.1
Project("{FAE04EC0-301F-11D3-BF4B-00C04F79EFBC}") = "Code 3", "Code 3\Code 3.csproj", "{CEE2FCC0-E858-4763-B94F-6F19FB510B81}"
EndProject
Global
	GlobalSection(SolutionConfigurationPlatforms) = preSolution
		Debug|Any CPU = Debug|Any CPU
		Release|Any CPU = Release|Any CPU
	EndGlobalSection
	GlobalSection(ProjectConfigurationPlatforms) = postSolution
		{CEE2FCC0-E858-4763-B94F-6F19FB510B81}.Debug|Any CPU.ActiveCfg = Debug|Any CPU
		{CEE2FCC0-E858-4763-B94F-6F19FB510B81}.Debug|Any CPU.Build.0 = Debug|Any CPU
		{CEE2FCC0-E858-4763-B94F-6F19FB510B81}.Release|Any CPU.ActiveCfg = Release|Any CPU
		{CEE2FCC0-E858-4763-B94F-6F19FB510B81}.Release|Any CPU.Build.0 = Release|Any CPU
	EndGlobalSection
	GlobalSection(SolutionProperties) = preSolution
		HideSolutionNode = FALSE
	EndGlobalSection
	GlobalSection(ExtensibilityGlobals) = postSolution
		SolutionGuid = {378B0A89-030A-4A58-9571-2436AA204655}
	EndGlobalSection
EndGlobal
