
Microsoft Visual Studio Solution File, Format Version 12.00
# Visual Studio Version 16
VisualStudioVersion = 16.0.29411.108
MinimumVisualStudioVersion = 10.0.40219.1
Project("{FAE04EC0-301F-11D3-BF4B-00C04F79EFBC}") = "oop06", "oop06\oop06.csproj", "{46139087-CE75-4FF8-87EE-70BBA3A259B5}"
EndProject
Global
	GlobalSection(SolutionConfigurationPlatforms) = preSolution
		Debug|Any CPU = Debug|Any CPU
		Release|Any CPU = Release|Any CPU
	EndGlobalSection
	GlobalSection(ProjectConfigurationPlatforms) = postSolution
		{46139087-CE75-4FF8-87EE-70BBA3A259B5}.Debug|Any CPU.ActiveCfg = Debug|Any CPU
		{46139087-CE75-4FF8-87EE-70BBA3A259B5}.Debug|Any CPU.Build.0 = Debug|Any CPU
		{46139087-CE75-4FF8-87EE-70BBA3A259B5}.Release|Any CPU.ActiveCfg = Release|Any CPU
		{46139087-CE75-4FF8-87EE-70BBA3A259B5}.Release|Any CPU.Build.0 = Release|Any CPU
	EndGlobalSection
	GlobalSection(SolutionProperties) = preSolution
		HideSolutionNode = FALSE
	EndGlobalSection
	GlobalSection(ExtensibilityGlobals) = postSolution
		SolutionGuid = {22B5FD1C-9A6E-4AF8-95C2-A7285359C1F7}
	EndGlobalSection
EndGlobal
