
Microsoft Visual Studio Solution File, Format Version 12.00
# Visual Studio Version 16
VisualStudioVersion = 16.0.29411.108
MinimumVisualStudioVersion = 10.0.40219.1
Project("{FAE04EC0-301F-11D3-BF4B-00C04F79EFBC}") = "oop02", "oop02\oop02.csproj", "{3D9B501E-1AD5-42DC-A416-B34CFDF3D2D7}"
EndProject
Global
	GlobalSection(SolutionConfigurationPlatforms) = preSolution
		Debug|Any CPU = Debug|Any CPU
		Release|Any CPU = Release|Any CPU
	EndGlobalSection
	GlobalSection(ProjectConfigurationPlatforms) = postSolution
		{3D9B501E-1AD5-42DC-A416-B34CFDF3D2D7}.Debug|Any CPU.ActiveCfg = Debug|Any CPU
		{3D9B501E-1AD5-42DC-A416-B34CFDF3D2D7}.Debug|Any CPU.Build.0 = Debug|Any CPU
		{3D9B501E-1AD5-42DC-A416-B34CFDF3D2D7}.Release|Any CPU.ActiveCfg = Release|Any CPU
		{3D9B501E-1AD5-42DC-A416-B34CFDF3D2D7}.Release|Any CPU.Build.0 = Release|Any CPU
	EndGlobalSection
	GlobalSection(SolutionProperties) = preSolution
		HideSolutionNode = FALSE
	EndGlobalSection
	GlobalSection(ExtensibilityGlobals) = postSolution
		SolutionGuid = {B0734707-C2DB-44F6-B718-3E8B15C4B292}
	EndGlobalSection
EndGlobal
