
Microsoft Visual Studio Solution File, Format Version 12.00
# Visual Studio Version 16
VisualStudioVersion = 16.0.29411.108
MinimumVisualStudioVersion = 10.0.40219.1
Project("{FAE04EC0-301F-11D3-BF4B-00C04F79EFBC}") = "RegEx01", "RegEx01\RegEx01.csproj", "{F97E7D14-1477-47EC-919B-1163C2AF3571}"
EndProject
Global
	GlobalSection(SolutionConfigurationPlatforms) = preSolution
		Debug|Any CPU = Debug|Any CPU
		Release|Any CPU = Release|Any CPU
	EndGlobalSection
	GlobalSection(ProjectConfigurationPlatforms) = postSolution
		{F97E7D14-1477-47EC-919B-1163C2AF3571}.Debug|Any CPU.ActiveCfg = Debug|Any CPU
		{F97E7D14-1477-47EC-919B-1163C2AF3571}.Debug|Any CPU.Build.0 = Debug|Any CPU
		{F97E7D14-1477-47EC-919B-1163C2AF3571}.Release|Any CPU.ActiveCfg = Release|Any CPU
		{F97E7D14-1477-47EC-919B-1163C2AF3571}.Release|Any CPU.Build.0 = Release|Any CPU
	EndGlobalSection
	GlobalSection(SolutionProperties) = preSolution
		HideSolutionNode = FALSE
	EndGlobalSection
	GlobalSection(ExtensibilityGlobals) = postSolution
		SolutionGuid = {4F975059-D9B6-4639-B883-A6C621D38584}
	EndGlobalSection
EndGlobal
