
Microsoft Visual Studio Solution File, Format Version 12.00
# Visual Studio Version 16
VisualStudioVersion = 16.0.29411.108
MinimumVisualStudioVersion = 10.0.40219.1
Project("{FAE04EC0-301F-11D3-BF4B-00C04F79EFBC}") = "Ex 2 Informatica Teoria", "Ex 2 Informatica Teoria\Ex 2 Informatica Teoria.csproj", "{A91C4F45-2378-40D9-9A1E-DD18A891F3CC}"
EndProject
Global
	GlobalSection(SolutionConfigurationPlatforms) = preSolution
		Debug|Any CPU = Debug|Any CPU
		Release|Any CPU = Release|Any CPU
	EndGlobalSection
	GlobalSection(ProjectConfigurationPlatforms) = postSolution
		{A91C4F45-2378-40D9-9A1E-DD18A891F3CC}.Debug|Any CPU.ActiveCfg = Debug|Any CPU
		{A91C4F45-2378-40D9-9A1E-DD18A891F3CC}.Debug|Any CPU.Build.0 = Debug|Any CPU
		{A91C4F45-2378-40D9-9A1E-DD18A891F3CC}.Release|Any CPU.ActiveCfg = Release|Any CPU
		{A91C4F45-2378-40D9-9A1E-DD18A891F3CC}.Release|Any CPU.Build.0 = Release|Any CPU
	EndGlobalSection
	GlobalSection(SolutionProperties) = preSolution
		HideSolutionNode = FALSE
	EndGlobalSection
	GlobalSection(ExtensibilityGlobals) = postSolution
		SolutionGuid = {6FC8AC1D-2083-4190-B5BA-9D087ABE1F6B}
	EndGlobalSection
EndGlobal
